
Microsoft Visual Studio Solution File, Format Version 12.00
# Visual Studio Version 17
VisualStudioVersion = 17.14.36518.9
MinimumVisualStudioVersion = 10.0.40219.1
Project("{FAE04EC0-301F-11D3-BF4B-00C04F79EFBC}") = "GTA V Console", "GTA V Console\GTA V Console.csproj", "{B51AEA99-12A3-4E4E-A81F-CCA033080CC3}"
EndProject
Project("{FAE04EC0-301F-11D3-BF4B-00C04F79EFBC}") = "ScriptHook_GTA5_Injector", "ScriptHook_GTA5_Injector\ScriptHook_GTA5_Injector.csproj", "{EBB12153-5BB2-40C1-A513-A6F991FBB68C}"
EndProject
Project("{FAE04EC0-301F-11D3-BF4B-00C04F79EFBC}") = "Console With Windows Forms", "Console With Windows Forms\Console With Windows Forms.csproj", "{C9081C56-17AA-4C02-A4C0-8F13F5EF09D0}"
EndProject
Project("{FAE04EC0-301F-11D3-BF4B-00C04F79EFBC}") = "Injector UI", "Injector UI\Injector UI.csproj", "{28703ECD-7ECD-4BBE-9B66-D26ADAF8A154}"
EndProject
Project("{FAE04EC0-301F-11D3-BF4B-00C04F79EFBC}") = "Updater", "G:\Updater\Updater\Updater.csproj", "{80003BB4-CE91-C17A-189F-7A2B13D3722B}"
EndProject
Global
	GlobalSection(SolutionConfigurationPlatforms) = preSolution
		Debug|Any CPU = Debug|Any CPU
		Release|Any CPU = Release|Any CPU
	EndGlobalSection
	GlobalSection(ProjectConfigurationPlatforms) = postSolution
		{B51AEA99-12A3-4E4E-A81F-CCA033080CC3}.Debug|Any CPU.ActiveCfg = Debug|Any CPU
		{B51AEA99-12A3-4E4E-A81F-CCA033080CC3}.Debug|Any CPU.Build.0 = Debug|Any CPU
		{B51AEA99-12A3-4E4E-A81F-CCA033080CC3}.Release|Any CPU.ActiveCfg = Release|Any CPU
		{B51AEA99-12A3-4E4E-A81F-CCA033080CC3}.Release|Any CPU.Build.0 = Release|Any CPU
		{EBB12153-5BB2-40C1-A513-A6F991FBB68C}.Debug|Any CPU.ActiveCfg = Debug|Any CPU
		{EBB12153-5BB2-40C1-A513-A6F991FBB68C}.Debug|Any CPU.Build.0 = Debug|Any CPU
		{EBB12153-5BB2-40C1-A513-A6F991FBB68C}.Release|Any CPU.ActiveCfg = Release|Any CPU
		{EBB12153-5BB2-40C1-A513-A6F991FBB68C}.Release|Any CPU.Build.0 = Release|Any CPU
		{C9081C56-17AA-4C02-A4C0-8F13F5EF09D0}.Debug|Any CPU.ActiveCfg = Debug|Any CPU
		{C9081C56-17AA-4C02-A4C0-8F13F5EF09D0}.Debug|Any CPU.Build.0 = Debug|Any CPU
		{C9081C56-17AA-4C02-A4C0-8F13F5EF09D0}.Release|Any CPU.ActiveCfg = Release|Any CPU
		{C9081C56-17AA-4C02-A4C0-8F13F5EF09D0}.Release|Any CPU.Build.0 = Release|Any CPU
		{28703ECD-7ECD-4BBE-9B66-D26ADAF8A154}.Debug|Any CPU.ActiveCfg = Debug|Any CPU
		{28703ECD-7ECD-4BBE-9B66-D26ADAF8A154}.Debug|Any CPU.Build.0 = Debug|Any CPU
		{28703ECD-7ECD-4BBE-9B66-D26ADAF8A154}.Release|Any CPU.ActiveCfg = Release|Any CPU
		{28703ECD-7ECD-4BBE-9B66-D26ADAF8A154}.Release|Any CPU.Build.0 = Release|Any CPU
		{80003BB4-CE91-C17A-189F-7A2B13D3722B}.Debug|Any CPU.ActiveCfg = Debug|Any CPU
		{80003BB4-CE91-C17A-189F-7A2B13D3722B}.Debug|Any CPU.Build.0 = Debug|Any CPU
		{80003BB4-CE91-C17A-189F-7A2B13D3722B}.Release|Any CPU.ActiveCfg = Release|Any CPU
		{80003BB4-CE91-C17A-189F-7A2B13D3722B}.Release|Any CPU.Build.0 = Release|Any CPU
	EndGlobalSection
	GlobalSection(SolutionProperties) = preSolution
		HideSolutionNode = FALSE
	EndGlobalSection
	GlobalSection(ExtensibilityGlobals) = postSolution
		SolutionGuid = {4735B3BB-B03B-4867-8413-14291A2C0CC7}
	EndGlobalSection
EndGlobal
